hash: ea57553b9d2c30f8a3bcad0a57c1c2b8d1f58cb52e0a29c78e758f24cc06446b
updated: 2016-04-11T07:12:17.898345487-07:00
imports:
- name: github.com/fatih/color
  version: 533cd7fd8a85905f67a1753afb4deddc85ea174f
- name: github.com/gorilla/context
  version: 1ea25387ff6f684839d82767c1733ff4d4d15d0a
- name: github.com/gorilla/handlers
  version: ee54c7b44cab12289237fb8631314790076e728b
- name: github.com/gorilla/mux
  version: 0eeaf8392f5b04950925b8a69fe70f110fa7cbfc
- name: github.com/hashicorp/consul
  version: 0e41fa5340de77a78234d543e6d01314a177d21f
  subpackages:
  - api
  - watch
- name: github.com/hashicorp/go-cleanhttp
  version: 875fb671b3ddc66f8e2f0acc33829c8cb989a38d
- name: github.com/hashicorp/hcl
  version: 578dd9746824a54637686b51a41bad457a56bcef
  subpackages:
  - hcl/ast
  - hcl/parser
  - hcl/token
  - json/parser
  - hcl/scanner
  - hcl/strconv
  - json/scanner
  - json/token
- name: github.com/hashicorp/serf
  version: e4ec8cc423bbe20d26584b96efbeb9102e16d05f
  subpackages:
  - coordinate
  - serf
- name: github.com/mattn/go-colorable
  version: 9cbef7c35391cca05f15f8181dc0b18bc9736dbb
  repo: https://github.com/mattn/go-colorable
- name: github.com/mattn/go-isatty
  version: 56b76bdf51f7708750eac80fa38b952bb9f32639
- name: github.com/PagerDuty/godspeed
  version: ef757b820a7d6760a89641ac29541967eb6d9f05
- name: github.com/rodaine/table
  version: c35ded4ccfec23e952469a4de8edc168e61c8d58
- name: github.com/samuel/go-zookeeper
  version: 218e9c81c0dd8b3b18172b2bbfad92cc7d6db55f
  subpackages:
  - zk
- name: github.com/stretchr/testify
  version: 6fe211e493929a8aac0469b93f28b1d0688a9a3a
- name: github.com/tucnak/climax
  version: 4c021a579ddac03b8a085bebcb87d66c072341ef
- name: github.com/vsco/http-test
  version: a980d7f6637bab571bcda35f37b2028e2a888b5a
- name: github.com/zenazn/goji
  version: 1925ec6302925f4760d7a11cc17036f44ec98d5b
- name: golang.org/x/sys
  version: 20457ee8ea8546920d3f4e19e405da45250dc5a5
  subpackages:
  - unix
- name: gopkg.in/fsnotify.v1
  version: 875cf421b32f8f1b31bd43776297876d01542279
devImports: []
