github.com/PagerDuty/godspeed v0.0.0-20180224001232-122876cde329 h1:3q+9OIju0tFi+TUZZuG80mRbXI3MT/L/1vlTb8CcofA=
github.com/PagerDuty/godspeed v0.0.0-20180224001232-122876cde329/go.mod h1:u6OV0JEB9gtT/nTmTNEt6SXkQJW+SBnGWlJoSr+0F+U=
github.com/armon/go-radix v1.0.0 h1:F4z6KzEeeQIMeLFa97iZU6vupzoecKdU5TX24SNppXI=
github.com/armon/go-radix v1.0.0/go.mod h1:ufUuZ+zHj4x4TnLV4JWEpy2hxWSpsRywHrMgIH9cCH8=
github.com/coreos/etcd v3.0.0-beta.0.0.20160528191156-a86ae1d96912+incompatible h1:+fpQTh0tcIG3mh8t7McwUAWoMIXVqa+6Le9fXpxFa2s=
github.com/coreos/etcd v3.0.0-beta.0.0.20160528191156-a86ae1d96912+incompatible/go.mod h1:uF7uidLiAD3TWHmW31ZFd/JWoc32PjwdhPthX9715RE=
github.com/davecgh/go-spew v1.1.1 h1:vj9j/u1bqnvCEfJOwUhtlOARqs3+rkHYY13jYWTU97c=
github.com/davecgh/go-spew v1.1.1/go.mod h1:J7Y8YcW2NihsgmVo/mv3lAwl/skON4iLHjSsI+c5H38=
github.com/fatih/color v0.0.0-20160317093153-533cd7fd8a85 h1:i30JFHNBhahPa7hSaGn5FoB1uckjcXCjmS5Su+NyKUI=
github.com/fatih/color v0.0.0-20160317093153-533cd7fd8a85/go.mod h1:Zm6kSWBoL9eyXnKyktHP6abPY2pDugNf5KwzbycvMj4=
github.com/fsnotify/fsnotify v1.3.0 h1:XyNoRE4PlEAzjaHYBqJuJC18jNWyfDVJ2jwD5kCuwXs=
github.com/fsnotify/fsnotify v1.3.0/go.mod h1:jwhsz4b93w/PPRr/qN1Yymfu8t87LnFCMoQvtojpjFo=
github.com/garyburd/redigo v1.0.1-0.20160525165706-b8dc90050f24 h1:nREVDi4H8mwnNqfxFU9NMzZrDCg8TXbEatMvHozxKwU=
github.com/garyburd/redigo v1.0.1-0.20160525165706-b8dc90050f24/go.mod h1:NR3MbYisc3/PwhQ00EMzDiPmrwpPxAn5GI05/YaO1SY=
github.com/gorilla/context v0.0.0-20160525203319-aed02d124ae4 h1:3nOfQt8sRPYbXORD5tJ8YyQ3HlL2Jt3LJ2U17CbNh6I=
github.com/gorilla/context v0.0.0-20160525203319-aed02d124ae4/go.mod h1:kBGZzfjB9CEq2AlWe17Uuf7NDRt0dE0s8S51q0aT7Yg=
github.com/gorilla/handlers v0.0.0-20160410185317-66e6c6f01d8d h1:wroUBCGyWwKzb/MvvcfuO91P7c0cR8oNoFVvNd3B2kU=
github.com/gorilla/handlers v0.0.0-20160410185317-66e6c6f01d8d/go.mod h1:Qkdc/uu4tH4g6mTK6auzZ766c4CA0Ng8+o/OAirnOIQ=
github.com/gorilla/mux v0.0.0-20160525140913-bd09be08ed43 h1:7jFjbeafaSPou6cc5Og1IA7oib+DOZSg/7AUsm/JsPU=
github.com/gorilla/mux v0.0.0-20160525140913-bd09be08ed43/go.mod h1:1lud6UwP+6orDFRuTfBEV8e9/aOM/c4fVVCaMa2zaAs=
github.com/hashicorp/consul v0.6.5-0.20160317180627-0e41fa5340de h1:vmozGHLya0CZnOu41MT/FQivDu0kRDNSK4kTCpbcYd8=
github.com/hashicorp/consul v0.6.5-0.20160317180627-0e41fa5340de/go.mod h1:mFrjN1mfidgJfYP1xrJCF+AfRhr6Eaqhb2+sfyn/OOI=
github.com/hashicorp/go-cleanhttp v0.0.0-20160217214820-875fb671b3dd h1:g63OFYSdtNzMg+OszHIUmlRweTB2syHVsZDBKoa1km8=
github.com/hashicorp/go-cleanhttp v0.0.0-20160217214820-875fb671b3dd/go.mod h1:JpRdi6/HCYpAwUzNwuwqhbovhLtngrth3wmdIIUrZ80=
github.com/hashicorp/go-msgpack v1.1.5 h1:9byZdVjKTe5mce63pRVNP1L7UAmdHOTEMGehn6KvJWs=
github.com/hashicorp/go-msgpack v1.1.5/go.mod h1:gWVc3sv/wbDmR3rQsj1CAktEZzoz1YNK9NfGLXJ69/4=
github.com/hashicorp/golang-lru v0.5.4 h1:YDjusn29QI/Das2iO9M0BHnIbxPeyuCHsjMW+lJfyTc=
github.com/hashicorp/golang-lru v0.5.4/go.mod h1:iADmTwqILo4mZ8BN3D2Q6+9jd8WM5uGBxy+E8yxSoD4=
github.com/hashicorp/hcl v0.0.0-20160119202737-578dd9746824 h1:HVcjV7by+C4mSaxWw8MJO9Ig1pA1OUqwGtE+N901118=
github.com/hashicorp/hcl v0.0.0-20160119202737-578dd9746824/go.mod h1:oZtUIOe8dh44I2q6ScRibXws4Ajl+d+nod3AaR9vL5w=
github.com/hashicorp/serf v0.7.1-0.20160124182025-e4ec8cc423bb h1:uKyBLkOqqovCo5Hj4fLgAa9lAetcO/ls2IMn4cZSevk=
github.com/hashicorp/serf v0.7.1-0.20160124182025-e4ec8cc423bb/go.mod h1:h/Ru6tmZazX7WO/GDmwdpS975F019L4t5ng5IgwbNrE=
github.com/kr/pty v1.1.1/go.mod h1:pFQYn66WHrOpPYNljwOMqo10TkYh1fy3cYio2l3bCsQ=
github.com/kr/text v0.1.0 h1:45sCR5RtlFHMR4UwH9sdQ5TC8v0qDQCHnXt+kaKSTVE=
github.com/kr/text v0.1.0/go.mod h1:4Jbv+DJW3UT/LiOwJeYQe1efqtUx/iVham/4vfdArNI=
github.com/mattn/go-colorable v0.0.0-20160220075935-9cbef7c35391 h1:x4vT4RoTH2BNkPx0LgrBKeFuPQPviK1aSAIWG6ruc+Y=
github.com/mattn/go-colorable v0.0.0-20160220075935-9cbef7c35391/go.mod h1:9vuHe8Xs5qXnSaW/c/ABM9alt+Vo+STaOChaDxuIBZU=
github.com/mattn/go-isatty v0.0.0-20151211000621-56b76bdf51f7 h1:owMyzMR4QR+jSdlfkX9jPU3rsby4++j99BfbtgVr6ZY=
github.com/mattn/go-isatty v0.0.0-20151211000621-56b76bdf51f7/go.mod h1:M+lRXTBqGeGNdLjl/ufCoiOlB5xdOkqRJdNxMWT7Zi4=
github.com/niemeyer/pretty v0.0.0-20200227124842-a10e7caefd8e h1:fD57ERR4JtEqsWbfPhv4DMiApHyliiK5xCTNVSPiaAs=
github.com/niemeyer/pretty v0.0.0-20200227124842-a10e7caefd8e/go.mod h1:zD1mROLANZcx1PVRCS0qkT7pwLkGfwJo4zjcN/Tysno=
github.com/pmezard/go-difflib v1.0.0 h1:4DBwDE0NGyQoBHbLQYPwSUPoCMWR5BEzIk/f1lZbAQM=
github.com/pmezard/go-difflib v1.0.0/go.mod h1:iKH77koFhYxTK1pcRnkKkqfTogsbg7gZNVY4sRDYZ/4=
github.com/rodaine/table v0.0.0-20151010055857-c35ded4ccfec h1:X7T03F5HI3oRR7ksJXZXbXsnabyxnJyT9+jYG05WLpo=
github.com/rodaine/table v0.0.0-20151010055857-c35ded4ccfec/go.mod h1:YAUzwPOji0DUJNEvggdxyQcUAl4g3hDRcFlyjnnR51I=
github.com/stretchr/testify v1.1.4-0.20160305165446-6fe211e49392 h1:7ubzBW6wJ46nWdWvZQlDjtGTnupA4Z1dyHY9Xbhq3us=
github.com/stretchr/testify v1.1.4-0.20160305165446-6fe211e49392/go.mod h1:a8OnRcib4nhh0OaRAV+Yts87kKdq0PP7pXfy6kDkUVs=
github.com/theckman/godspeed v0.0.0-20160207214103-ef757b820a7d h1:X7USZy33fzzrJSYDLfXvFVayK86pfZuSMfbxdzVV4XI=
github.com/theckman/godspeed v0.0.0-20160207214103-ef757b820a7d/go.mod h1:HbvX1ULDanALaHLD1Q1jwxL3THjMTn6KgpTSZ1MTvMQ=
github.com/tucnak/climax v0.0.0-20160110101300-4c021a579dda h1:VvJLFK4TAPRLbr64RWDGbqfztQdh32BivMWqZfyz4jU=
github.com/tucnak/climax v0.0.0-20160110101300-4c021a579dda/go.mod h1:aN8AHR3MaHF61SaAxoSwsOS/AjZrRJeYAlrs4mg3ugk=
github.com/ugorji/go v0.0.0-20160328060740-a396ed22fc04 h1:eE+Se4ffRJ16+igSBQWAYUXrIL9WBJ47bE/4uMxW9lA=
github.com/ugorji/go v0.0.0-20160328060740-a396ed22fc04/go.mod h1:hnLbHMwcvSihnDhEfx2/BzKp2xb0Y+ErdfYcrs9tkJQ=
github.com/vsco/http-test v0.0.0-20160424235822-3e41d6201903 h1:5VfvX56oHNTt6Pdss+lf110TyDLJBCuEtQFXPSDZF+k=
github.com/vsco/http-test v0.0.0-20160424235822-3e41d6201903/go.mod h1:ATk8q2GaMFU2bNaCYaYuIVIJIcR3B+w2m5zbRQtY0vY=
golang.org/x/crypto v0.0.0-20190308221718-c2843e01d9a2/go.mod h1:djNgcEr1/C05ACkg1iLfiJU5Ep61QUkGW8qpdssI0+w=
golang.org/x/net v0.0.0-20190311183353-d8887717615a h1:oWX7TPOiFAMXLq8o0ikBYfCJVlRHBcsciT5bXOrH628=
golang.org/x/net v0.0.0-20190311183353-d8887717615a/go.mod h1:t9HGtf8HONx5eT2rtn7q6eTqICYqUVnKs3thJo3Qplg=
golang.org/x/sync v0.0.0-20190423024810-112230192c58/go.mod h1:RxMgew5VJxzue5/jJTE5uejpjVlOe/izrB70Jof72aM=
golang.org/x/sys v0.0.0-20190215142949-d0b11bdaac8a h1:1BGLXjeY4akVXGgbC9HugT3Jv3hCI0z56oJR5vAMgBU=
golang.org/x/sys v0.0.0-20190215142949-d0b11bdaac8a/go.mod h1:STP8DvDyc/dI5b8T5hshtkjS+E42TnysNCUPdjciGhY=
golang.org/x/text v0.3.0/go.mod h1:NqM8EUOU14njkJ3fqMW+pc6Ldnwhi/IjpwHt7yyuwOQ=
golang.org/x/tools v0.0.0-20190424220101-1e8e1cfdf96b/go.mod h1:RgjU9mgBXZiqYHBnxXauZ1Gv1EHHAz9KjViQ78xBX0Q=
gopkg.in/check.v1 v1.0.0-20200227125254-8fa46927fb4f h1:BLraFXnmrev5lT+xlilqcH8XK9/i0At2xKjWk4p6zsU=
gopkg.in/check.v1 v1.0.0-20200227125254-8fa46927fb4f/go.mod h1:Co6ibVJAznAaIkqp8huTwlJQCZ016jof/cbN4VW5Yz0=
